
Microsoft Visual Studio Solution File, Format Version 12.00
# Visual Studio Version 16
VisualStudioVersion = 16.0.30907.101
MinimumVisualStudioVersion = 10.0.40219.1
Project("{FAE04EC0-301F-11D3-BF4B-00C04F79EFBC}") = "MyListProject", "MyList\MyListProject.csproj", "{2B3163DF-601B-4346-BF06-678F9BD632BC}"
EndProject
Global
	GlobalSection(SolutionConfigurationPlatforms) = preSolution
		Debug|Any CPU = Debug|Any CPU
		Release|Any CPU = Release|Any CPU
	EndGlobalSection
	GlobalSection(ProjectConfigurationPlatforms) = postSolution
		{2B3163DF-601B-4346-BF06-678F9BD632BC}.Debug|Any CPU.ActiveCfg = Debug|Any CPU
		{2B3163DF-601B-4346-BF06-678F9BD632BC}.Debug|Any CPU.Build.0 = Debug|Any CPU
		{2B3163DF-601B-4346-BF06-678F9BD632BC}.Release|Any CPU.ActiveCfg = Release|Any CPU
		{2B3163DF-601B-4346-BF06-678F9BD632BC}.Release|Any CPU.Build.0 = Release|Any CPU
	EndGlobalSection
	GlobalSection(SolutionProperties) = preSolution
		HideSolutionNode = FALSE
	EndGlobalSection
	GlobalSection(ExtensibilityGlobals) = postSolution
		SolutionGuid = {9677867E-9DD9-4AE7-8ACE-64E489FBBEBB}
	EndGlobalSection
EndGlobal
